// !$*UTF8*$!
{
	archiveVersion = 1;
	classes = {
	};
	objectVersion = 50;
	objects = {

/* Begin PBXBuildFile section */
		CF316F0E243EBE69008E1961 /* AppDelegate.swift in Sources */ = {isa = PBXBuildFile; fileRef = CF316F0D243EBE69008E1961 /* AppDelegate.swift */; };
		CF316F10243EBE69008E1961 /* SceneDelegate.swift in Sources */ = {isa = PBXBuildFile; fileRef = CF316F0F243EBE69008E1961 /* SceneDelegate.swift */; };
		CF316F12243EBE69008E1961 /* ViewController.swift in Sources */ = {isa = PBXBuildFile; fileRef = CF316F11243EBE69008E1961 /* ViewController.swift */; };
		CF316F15243EBE69008E1961 /* Main.storyboard in Resources */ = {isa = PBXBuildFile; fileRef = CF316F13243EBE69008E1961 /* Main.storyboard */; };
		CF316F18243EBE69008E1961 /* ArtBOOK.xcdatamodeld in Sources */ = {isa = PBXBuildFile; fileRef = CF316F16243EBE69008E1961 /* ArtBOOK.xcdatamodeld */; };
		CF316F1A243EBE6A008E1961 /* Assets.xcassets in Resources */ = {isa = PBXBuildFile; fileRef = CF316F19243EBE6A008E1961 /* Assets.xcassets */; };
		CF316F1D243EBE6A008E1961 /* LaunchScreen.storyboard in Resources */ = {isa = PBXBuildFile; fileRef = CF316F1B243EBE6A008E1961 /* LaunchScreen.storyboard */; };
		CF316F25243EC0EA008E1961 /* DetailsVCViewController.swift in Sources */ = {isa = PBXBuildFile; fileRef = CF316F24243EC0EA008E1961 /* DetailsVCViewController.swift */; };
/* End PBXBuildFile section */

/* Begin PBXFileReference section */
		CF316F0A243EBE69008E1961 /* ArtBOOK.app */ = {isa = PBXFileReference; explicitFileType = wrapper.application; includeInIndex = 0; path = ArtBOOK.app; sourceTree = BUILT_PRODUCTS_DIR; };
		CF316F0D243EBE69008E1961 /* AppDelegate.swift */ = {isa = PBXFileReference; lastKnownFileType = sourcecode.swift; path = AppDelegate.swift; sourceTree = "<group>"; };
		CF316F0F243EBE69008E1961 /* SceneDelegate.swift */ = {isa = PBXFileReference; lastKnownFileType = sourcecode.swift; path = SceneDelegate.swift; sourceTree = "<group>"; };
		CF316F11243EBE69008E1961 /* ViewController.swift */ = {isa = PBXFileReference; lastKnownFileType = sourcecode.swift; path = ViewController.swift; sourceTree = "<group>"; };
		CF316F14243EBE69008E1961 /* Base */ = {isa = PBXFileReference; lastKnownFileType = file.storyboard; name = Base; path = Base.lproj/Main.storyboard; sourceTree = "<group>"; };
		CF316F17243EBE69008E1961 /* ArtBOOK.xcdatamodel */ = {isa = PBXFileReference; lastKnownFileType = wrapper.xcdatamodel; path = ArtBOOK.xcdatamodel; sourceTree = "<group>"; };
		CF316F19243EBE6A008E1961 /* Assets.xcassets */ = {isa = PBXFileReference; lastKnownFileType = folder.assetcatalog; path = Assets.xcassets; sourceTree = "<group>"; };
		CF316F1C243EBE6A008E1961 /* Base */ = {isa = PBXFileReference; lastKnownFileType = file.storyboard; name = Base; path = Base.lproj/LaunchScreen.storyboard; sourceTree = "<group>"; };
		CF316F1E243EBE6A008E1961 /* Info.plist */ = {isa = PBXFileReference; lastKnownFileType = text.plist.xml; path = Info.plist; sourceTree = "<group>"; };
		CF316F24243EC0EA008E1961 /* DetailsVCViewController.swift */ = {isa = PBXFileReference; lastKnownFileType = sourcecode.swift; path = DetailsVCViewController.swift; sourceTree = "<group>"; };
/* End PBXFileReference section */

/* Begin PBXFrameworksBuildPhase section */
		CF316F07243EBE69008E1961 /* Frameworks */ = {
			isa = PBXFrameworksBuildPhase;
			buildActionMask = 2147483647;
			files = (
			);
			runOnlyForDeploymentPostprocessing = 0;
		};
/* End PBXFrameworksBuildPhase section */

/* Begin PBXGroup section */
		CF316F01243EBE69008E1961 = {
			isa = PBXGroup;
			children = (
				CF316F0C243EBE69008E1961 /* ArtBOOK */,
				CF316F0B243EBE69008E1961 /* Products */,
			);
			sourceTree = "<group>";
		};
		CF316F0B243EBE69008E1961 /* Products */ = {
			isa = PBXGroup;
			children = (
				CF316F0A243EBE69008E1961 /* ArtBOOK.app */,
			);
			name = Products;
			sourceTree = "<group>";
		};
		CF316F0C243EBE69008E1961 /* ArtBOOK */ = {
			isa = PBXGroup;
			children = (
				CF316F0D243EBE69008E1961 /* AppDelegate.swift */,
				CF316F0F243EBE69008E1961 /* SceneDelegate.swift */,
				CF316F11243EBE69008E1961 /* ViewController.swift */,
				CF316F13243EBE69008E1961 /* Main.storyboard */,
				CF316F19243EBE6A008E1961 /* Assets.xcassets */,
				CF316F1B243EBE6A008E1961 /* LaunchScreen.storyboard */,
				CF316F1E243EBE6A008E1961 /* Info.plist */,
				CF316F16243EBE69008E1961 /* ArtBOOK.xcdatamodeld */,
				CF316F24243EC0EA008E1961 /* DetailsVCViewController.swift */,
			);
			path = ArtBOOK;
			sourceTree = "<group>";
		};
/* End PBXGroup section */

/* Begin PBXNativeTarget section */
		CF316F09243EBE69008E1961 /* ArtBOOK */ = {
			isa = PBXNativeTarget;
			buildConfigurationList = CF316F21243EBE6A008E1961 /* Build configuration list for PBXNativeTarget "ArtBOOK" */;
			buildPhases = (
				CF316F06243EBE69008E1961 /* Sources */,
				CF316F07243EBE69008E1961 /* Frameworks */,
				CF316F08243EBE69008E1961 /* Resources */,
			);
			buildRules = (
			);
			dependencies = (
			);
			name = ArtBOOK;
			productName = ArtBOOK;
			productReference = CF316F0A243EBE69008E1961 /* ArtBOOK.app */;
			productType = "com.apple.product-type.application";
		};
/* End PBXNativeTarget section */

/* Begin PBXProject section */
		CF316F02243EBE69008E1961 /* Project object */ = {
			isa = PBXProject;
			attributes = {
				LastSwiftUpdateCheck = 1140;
				LastUpgradeCheck = 1140;
				ORGANIZATIONNAME = Pozolx;
				TargetAttributes = {
					CF316F09243EBE69008E1961 = {
						CreatedOnToolsVersion = 11.4;
					};
				};
			};
			buildConfigurationList = CF316F05243EBE69008E1961 /* Build configuration list for PBXProject "ArtBOOK" */;
			compatibilityVersion = "Xcode 9.3";
			developmentRegion = en;
			hasScannedForEncodings = 0;
			knownRegions = (
				en,
				Base,
			);
			mainGroup = CF316F01243EBE69008E1961;
			productRefGroup = CF316F0B243EBE69008E1961 /* Products */;
			projectDirPath = "";
			projectRoot = "";
			targets = (
				CF316F09243EBE69008E1961 /* ArtBOOK */,
			);
		};
/* End PBXProject section */

/* Begin PBXResourcesBuildPhase section */
		CF316F08243EBE69008E1961 /* Resources */ = {
			isa = PBXResourcesBuildPhase;
			buildActionMask = 2147483647;
			files = (
				CF316F1D243EBE6A008E1961 /* LaunchScreen.storyboard in Resources */,
				CF316F1A243EBE6A008E1961 /* Assets.xcassets in Resources */,
				CF316F15243EBE69008E1961 /* Main.storyboard in Resources */,
			);
			runOnlyForDeploymentPostprocessing = 0;
		};
/* End PBXResourcesBuildPhase section */

/* Begin PBXSourcesBuildPhase section */
		CF316F06243EBE69008E1961 /* Sources */ = {
			isa = PBXSourcesBuildPhase;
			buildActionMask = 2147483647;
			files = (
				CF316F12243EBE69008E1961 /* ViewController.swift in Sources */,
				CF316F25243EC0EA008E1961 /* DetailsVCViewController.swift in Sources */,
				CF316F0E243EBE69008E1961 /* AppDelegate.swift in Sources */,
				CF316F18243EBE69008E1961 /* ArtBOOK.xcdatamodeld in Sources */,
				CF316F10243EBE69008E1961 /* SceneDelegate.swift in Sources */,
			);
			runOnlyForDeploymentPostprocessing = 0;
		};
/* End PBXSourcesBuildPhase section */

/* Begin PBXVariantGroup section */
		CF316F13243EBE69008E1961 /* Main.storyboard */ = {
			isa = PBXVariantGroup;
			children = (
				CF316F14243EBE69008E1961 /* Base */,
			);
			name = Main.storyboard;
			sourceTree = "<group>";
		};
		CF316F1B243EBE6A008E1961 /* LaunchScreen.storyboard */ = {
			isa = PBXVariantGroup;
			children = (
				CF316F1C243EBE6A008E1961 /* Base */,
			);
			name = LaunchScreen.storyboard;
			sourceTree = "<group>";
		};
/* End PBXVariantGroup section */

/* Begin XCBuildConfiguration section */
		CF316F1F243EBE6A008E1961 /* Debug */ = {
			isa = XCBuildConfiguration;
			buildSettings = {
				ALWAYS_SEARCH_USER_PATHS = NO;
				CLANG_ANALYZER_NONNULL = YES;
				CLANG_ANALYZER_NUMBER_OBJECT_CONVERSION = YES_AGGRESSIVE;
				CLANG_CXX_LANGUAGE_STANDARD = "gnu++14";
				CLANG_CXX_LIBRARY = "libc++";
				CLANG_ENABLE_MODULES = YES;
				CLANG_ENABLE_OBJC_ARC = YES;
				CLANG_ENABLE_OBJC_WEAK = YES;
				CLANG_WARN_BLOCK_CAPTURE_AUTORELEASING = YES;
				CLANG_WARN_BOOL_CONVERSION = YES;
				CLANG_WARN_COMMA = YES;
				CLANG_WARN_CONSTANT_CONVERSION = YES;
				CLANG_WARN_DEPRECATED_OBJC_IMPLEMENTATIONS = YES;
				CLANG_WARN_DIRECT_OBJC_ISA_USAGE = YES_ERROR;
				CLANG_WARN_DOCUMENTATION_COMMENTS = YES;
				CLANG_WARN_EMPTY_BODY = YES;
				CLANG_WARN_ENUM_CONVERSION = YES;
				CLANG_WARN_INFINITE_RECURSION = YES;
				CLANG_WARN_INT_CONVERSION = YES;
				CLANG_WARN_NON_LITERAL_NULL_CONVERSION = YES;
				CLANG_WARN_OBJC_IMPLICIT_RETAIN_SELF = YES;
				CLANG_WARN_OBJC_LITERAL_CONVERSION = YES;
				CLANG_WARN_OBJC_ROOT_CLASS = YES_ERROR;
				CLANG_WARN_RANGE_LOOP_ANALYSIS = YES;
				CLANG_WARN_STRICT_PROTOTYPES = YES;
				CLANG_WARN_SUSPICIOUS_MOVE = YES;
				CLANG_WARN_UNGUARDED_AVAILABILITY = YES_AGGRESSIVE;
				CLANG_WARN_UNREACHABLE_CODE = YES;
				CLANG_WARN__DUPLICATE_METHOD_MATCH = YES;
				COPY_PHASE_STRIP = NO;
				DEBUG_INFORMATION_FORMAT = dwarf;
				ENABLE_STRICT_OBJC_MSGSEND = YES;
				ENABLE_TESTABILITY = YES;
				GCC_C_LANGUAGE_STANDARD = gnu11;
				GCC_DYNAMIC_NO_PIC = NO;
				GCC_NO_COMMON_BLOCKS = YES;
				GCC_OPTIMIZATION_LEVEL = 0;
				GCC_PREPROCESSOR_DEFINITIONS = (
					"DEBUG=1",
					"$(inherited)",
				);
				GCC_WARN_64_TO_32_BIT_CONVERSION = YES;
				GCC_WARN_ABOUT_RETURN_TYPE = YES_ERROR;
				GCC_WARN_UNDECLARED_SELECTOR = YES;
				GCC_WARN_UNINITIALIZED_AUTOS = YES_AGGRESSIVE;
				GCC_WARN_UNUSED_FUNCTION = YES;
				GCC_WARN_UNUSED_VARIABLE = YES;
				IPHONEOS_DEPLOYMENT_TARGET = 13.4;
				MTL_ENABLE_DEBUG_INFO = INCLUDE_SOURCE;
				MTL_FAST_MATH = YES;
				ONLY_ACTIVE_ARCH = YES;
				SDKROOT = iphoneos;
				SWIFT_ACTIVE_COMPILATION_CONDITIONS = DEBUG;
				SWIFT_OPTIMIZATION_LEVEL = "-Onone";
			};
			name = Debug;
		};
		CF316F20243EBE6A008E1961 /* Release */ = {
			isa = XCBuildConfiguration;
			buildSettings = {
				ALWAYS_SEARCH_USER_PATHS = NO;
				CLANG_ANALYZER_NONNULL = YES;
				CLANG_ANALYZER_NUMBER_OBJECT_CONVERSION = YES_AGGRESSIVE;
				CLANG_CXX_LANGUAGE_STANDARD = "gnu++14";
				CLANG_CXX_LIBRARY = "libc++";
				CLANG_ENABLE_MODULES = YES;
				CLANG_ENABLE_OBJC_ARC = YES;
				CLANG_ENABLE_OBJC_WEAK = YES;
				CLANG_WARN_BLOCK_CAPTURE_AUTORELEASING = YES;
				CLANG_WARN_BOOL_CONVERSION = YES;
				CLANG_WARN_COMMA = YES;
				CLANG_WARN_CONSTANT_CONVERSION = YES;
				CLANG_WARN_DEPRECATED_OBJC_IMPLEMENTATIONS = YES;
				CLANG_WARN_DIRECT_OBJC_ISA_USAGE = YES_ERROR;
				CLANG_WARN_DOCUMENTATION_COMMENTS = YES;
				CLANG_WARN_EMPTY_BODY = YES;
				CLANG_WARN_ENUM_CONVERSION = YES;
				CLANG_WARN_INFINITE_RECURSION = YES;
				CLANG_WARN_INT_CONVERSION = YES;
				CLANG_WARN_NON_LITERAL_NULL_CONVERSION = YES;
				CLANG_WARN_OBJC_IMPLICIT_RETAIN_SELF = YES;
				CLANG_WARN_OBJC_LITERAL_CONVERSION = YES;
				CLANG_WARN_OBJC_ROOT_CLASS = YES_ERROR;
				CLANG_WARN_RANGE_LOOP_ANALYSIS = YES;
				CLANG_WARN_STRICT_PROTOTYPES = YES;
				CLANG_WARN_SUSPICIOUS_MOVE = YES;
				CLANG_WARN_UNGUARDED_AVAILABILITY = YES_AGGRESSIVE;
				CLANG_WARN_UNREACHABLE_CODE = YES;
				CLANG_WARN__DUPLICATE_METHOD_MATCH = YES;
				COPY_PHASE_STRIP = NO;
				DEBUG_INFORMATION_FORMAT = "dwarf-with-dsym";
				ENABLE_NS_ASSERTIONS = NO;
				ENABLE_STRICT_OBJC_MSGSEND = YES;
				GCC_C_LANGUAGE_STANDARD = gnu11;
				GCC_NO_COMMON_BLOCKS = YES;
				GCC_WARN_64_TO_32_BIT_CONVERSION = YES;
				GCC_WARN_ABOUT_RETURN_TYPE = YES_ERROR;
				GCC_WARN_UNDECLARED_SELECTOR = YES;
				GCC_WARN_UNINITIALIZED_AUTOS = YES_AGGRESSIVE;
				GCC_WARN_UNUSED_FUNCTION = YES;
				GCC_WARN_UNUSED_VARIABLE = YES;
				IPHONEOS_DEPLOYMENT_TARGET = 13.4;
				MTL_ENABLE_DEBUG_INFO = NO;
				MTL_FAST_MATH = YES;
				SDKROOT = iphoneos;
				SWIFT_COMPILATION_MODE = wholemodule;
				SWIFT_OPTIMIZATION_LEVEL = "-O";
				VALIDATE_PRODUCT = YES;
			};
			name = Release;
		};
		CF316F22243EBE6A008E1961 /* Debug */ = {
			isa = XCBuildConfiguration;
			buildSettings = {
				ASSETCATALOG_COMPILER_APPICON_NAME = AppIcon;
				CODE_SIGN_STYLE = Automatic;
				DEVELOPMENT_TEAM = TNSM43P2F3;
				INFOPLIST_FILE = ArtBOOK/Info.plist;
				LD_RUNPATH_SEARCH_PATHS = (
					"$(inherited)",
					"@executable_path/Frameworks",
				);
				PRODUCT_BUNDLE_IDENTIFIER = com.javiercueto.ArtBOOK;
				PRODUCT_NAME = "$(TARGET_NAME)";
				SWIFT_VERSION = 5.0;
				TARGETED_DEVICE_FAMILY = "1,2";
			};
			name = Debug;
		};
		CF316F23243EBE6A008E1961 /* Release */ = {
			isa = XCBuildConfiguration;
			buildSettings = {
				ASSETCATALOG_COMPILER_APPICON_NAME = AppIcon;
				CODE_SIGN_STYLE = Automatic;
				DEVELOPMENT_TEAM = TNSM43P2F3;
				INFOPLIST_FILE = ArtBOOK/Info.plist;
				LD_RUNPATH_SEARCH_PATHS = (
					"$(inherited)",
					"@executable_path/Frameworks",
				);
				PRODUCT_BUNDLE_IDENTIFIER = com.javiercueto.ArtBOOK;
				PRODUCT_NAME = "$(TARGET_NAME)";
				SWIFT_VERSION = 5.0;
				TARGETED_DEVICE_FAMILY = "1,2";
			};
			name = Release;
		};
/* End XCBuildConfiguration section */

/* Begin XCConfigurationList section */
		CF316F05243EBE69008E1961 /* Build configuration list for PBXProject "ArtBOOK" */ = {
			isa = XCConfigurationList;
			buildConfigurations = (
				CF316F1F243EBE6A008E1961 /* Debug */,
				CF316F20243EBE6A008E1961 /* Release */,
			);
			defaultConfigurationIsVisible = 0;
			defaultConfigurationName = Release;
		};
		CF316F21243EBE6A008E1961 /* Build configuration list for PBXNativeTarget "ArtBOOK" */ = {
			isa = XCConfigurationList;
			buildConfigurations = (
				CF316F22243EBE6A008E1961 /* Debug */,
				CF316F23243EBE6A008E1961 /* Release */,
			);
			defaultConfigurationIsVisible = 0;
			defaultConfigurationName = Release;
		};
/* End XCConfigurationList section */

/* Begin XCVersionGroup section */
		CF316F16243EBE69008E1961 /* ArtBOOK.xcdatamodeld */ = {
			isa = XCVersionGroup;
			children = (
				CF316F17243EBE69008E1961 /* ArtBOOK.xcdatamodel */,
			);
			currentVersion = CF316F17243EBE69008E1961 /* ArtBOOK.xcdatamodel */;
			path = ArtBOOK.xcdatamodeld;
			sourceTree = "<group>";
			versionGroupType = wrapper.xcdatamodel;
		};
/* End XCVersionGroup section */
	};
	rootObject = CF316F02243EBE69008E1961 /* Project object */;
}
